
Microsoft Visual Studio Solution File, Format Version 12.00
# Visual Studio Version 16
VisualStudioVersion = 16.0.30621.155
MinimumVisualStudioVersion = 10.0.40219.1
Project("{FAE04EC0-301F-11D3-BF4B-00C04F79EFBC}") = "BILUXURY", "BILUXURY\BILUXURY.csproj", "{94EDE1D1-0E1C-4C5A-BD5E-DEB8AD4A5EA4}"
EndProject
Global
	GlobalSection(SolutionConfigurationPlatforms) = preSolution
		Debug|Any CPU = Debug|Any CPU
		Release|Any CPU = Release|Any CPU
	EndGlobalSection
	GlobalSection(ProjectConfigurationPlatforms) = postSolution
		{94EDE1D1-0E1C-4C5A-BD5E-DEB8AD4A5EA4}.Debug|Any CPU.ActiveCfg = Debug|Any CPU
		{94EDE1D1-0E1C-4C5A-BD5E-DEB8AD4A5EA4}.Debug|Any CPU.Build.0 = Debug|Any CPU
		{94EDE1D1-0E1C-4C5A-BD5E-DEB8AD4A5EA4}.Release|Any CPU.ActiveCfg = Release|Any CPU
		{94EDE1D1-0E1C-4C5A-BD5E-DEB8AD4A5EA4}.Release|Any CPU.Build.0 = Release|Any CPU
	EndGlobalSection
	GlobalSection(SolutionProperties) = preSolution
		HideSolutionNode = FALSE
	EndGlobalSection
	GlobalSection(ExtensibilityGlobals) = postSolution
		SolutionGuid = {F32DC125-A32F-44BC-9B09-77782BF638A6}
	EndGlobalSection
EndGlobal
